// !$*UTF8*$!
{
	archiveVersion = 1;
	classes = {
	};
	objectVersion = 55;
	objects = {

/* Begin PBXBuildFile section */
		615DA2D129FD29EF00DB985E /* AppDelegate.swift in Sources */ = {isa = PBXBuildFile; fileRef = 615DA2D029FD29EF00DB985E /* AppDelegate.swift */; };
		615DA2D329FD29EF00DB985E /* SceneDelegate.swift in Sources */ = {isa = PBXBuildFile; fileRef = 615DA2D229FD29EF00DB985E /* SceneDelegate.swift */; };
		615DA2D529FD29EF00DB985E /* BottomNavigationViewController.swift in Sources */ = {isa = PBXBuildFile; fileRef = 615DA2D429FD29EF00DB985E /* BottomNavigationViewController.swift */; };
		615DA2DA29FD29F500DB985E /* Assets.xcassets in Resources */ = {isa = PBXBuildFile; fileRef = 615DA2D929FD29F500DB985E /* Assets.xcassets */; };
		615DA2DD29FD29F500DB985E /* LaunchScreen.storyboard in Resources */ = {isa = PBXBuildFile; fileRef = 615DA2DB29FD29F500DB985E /* LaunchScreen.storyboard */; };
		615DA2E629FD2EDC00DB985E /* HomeViewController.swift in Sources */ = {isa = PBXBuildFile; fileRef = 615DA2E529FD2EDC00DB985E /* HomeViewController.swift */; };
		615DA2E829FD2F3500DB985E /* UpComingViewController.swift in Sources */ = {isa = PBXBuildFile; fileRef = 615DA2E729FD2F3500DB985E /* UpComingViewController.swift */; };
		615DA2EA29FD2F9C00DB985E /* SearchViewController.swift in Sources */ = {isa = PBXBuildFile; fileRef = 615DA2E929FD2F9C00DB985E /* SearchViewController.swift */; };
		615DA2EC29FD2FC300DB985E /* DownloadsViewController.swift in Sources */ = {isa = PBXBuildFile; fileRef = 615DA2EB29FD2FC300DB985E /* DownloadsViewController.swift */; };
		615DA2EF29FDF55F00DB985E /* ContentTableViewCell.swift in Sources */ = {isa = PBXBuildFile; fileRef = 615DA2EE29FDF55E00DB985E /* ContentTableViewCell.swift */; };
		61CBD42F29FE417D00F14D0D /* HeaderViewCell.swift in Sources */ = {isa = PBXBuildFile; fileRef = 61CBD42E29FE417C00F14D0D /* HeaderViewCell.swift */; };
/* End PBXBuildFile section */

/* Begin PBXFileReference section */
		615DA2CD29FD29EF00DB985E /* NetFlixClone.app */ = {isa = PBXFileReference; explicitFileType = wrapper.application; includeInIndex = 0; path = NetFlixClone.app; sourceTree = BUILT_PRODUCTS_DIR; };
		615DA2D029FD29EF00DB985E /* AppDelegate.swift */ = {isa = PBXFileReference; lastKnownFileType = sourcecode.swift; path = AppDelegate.swift; sourceTree = "<group>"; };
		615DA2D229FD29EF00DB985E /* SceneDelegate.swift */ = {isa = PBXFileReference; lastKnownFileType = sourcecode.swift; path = SceneDelegate.swift; sourceTree = "<group>"; };
		615DA2D429FD29EF00DB985E /* BottomNavigationViewController.swift */ = {isa = PBXFileReference; lastKnownFileType = sourcecode.swift; path = BottomNavigationViewController.swift; sourceTree = "<group>"; };
		615DA2D929FD29F500DB985E /* Assets.xcassets */ = {isa = PBXFileReference; lastKnownFileType = folder.assetcatalog; path = Assets.xcassets; sourceTree = "<group>"; };
		615DA2DC29FD29F500DB985E /* Base */ = {isa = PBXFileReference; lastKnownFileType = file.storyboard; name = Base; path = Base.lproj/LaunchScreen.storyboard; sourceTree = "<group>"; };
		615DA2DE29FD29F600DB985E /* Info.plist */ = {isa = PBXFileReference; lastKnownFileType = text.plist.xml; path = Info.plist; sourceTree = "<group>"; };
		615DA2E529FD2EDC00DB985E /* HomeViewController.swift */ = {isa = PBXFileReference; lastKnownFileType = sourcecode.swift; path = HomeViewController.swift; sourceTree = "<group>"; };
		615DA2E729FD2F3500DB985E /* UpComingViewController.swift */ = {isa = PBXFileReference; lastKnownFileType = sourcecode.swift; path = UpComingViewController.swift; sourceTree = "<group>"; };
		615DA2E929FD2F9C00DB985E /* SearchViewController.swift */ = {isa = PBXFileReference; lastKnownFileType = sourcecode.swift; path = SearchViewController.swift; sourceTree = "<group>"; };
		615DA2EB29FD2FC300DB985E /* DownloadsViewController.swift */ = {isa = PBXFileReference; lastKnownFileType = sourcecode.swift; path = DownloadsViewController.swift; sourceTree = "<group>"; };
		615DA2EE29FDF55E00DB985E /* ContentTableViewCell.swift */ = {isa = PBXFileReference; lastKnownFileType = sourcecode.swift; path = ContentTableViewCell.swift; sourceTree = "<group>"; };
		61CBD42E29FE417C00F14D0D /* HeaderViewCell.swift */ = {isa = PBXFileReference; lastKnownFileType = sourcecode.swift; path = HeaderViewCell.swift; sourceTree = "<group>"; };
/* End PBXFileReference section */

/* Begin PBXFrameworksBuildPhase section */
		615DA2CA29FD29EF00DB985E /* Frameworks */ = {
			isa = PBXFrameworksBuildPhase;
			buildActionMask = 2147483647;
			files = (
			);
			runOnlyForDeploymentPostprocessing = 0;
		};
/* End PBXFrameworksBuildPhase section */

/* Begin PBXGroup section */
		615DA2C429FD29EF00DB985E = {
			isa = PBXGroup;
			children = (
				615DA2CF29FD29EF00DB985E /* NetFlixClone */,
				615DA2CE29FD29EF00DB985E /* Products */,
			);
			sourceTree = "<group>";
		};
		615DA2CE29FD29EF00DB985E /* Products */ = {
			isa = PBXGroup;
			children = (
				615DA2CD29FD29EF00DB985E /* NetFlixClone.app */,
			);
			name = Products;
			sourceTree = "<group>";
		};
		615DA2CF29FD29EF00DB985E /* NetFlixClone */ = {
			isa = PBXGroup;
			children = (
				615DA2ED29FDF49C00DB985E /* View */,
				615DA2E429FD2EB400DB985E /* BottomNavigationVC */,
				615DA2D029FD29EF00DB985E /* AppDelegate.swift */,
				615DA2D229FD29EF00DB985E /* SceneDelegate.swift */,
				615DA2D429FD29EF00DB985E /* BottomNavigationViewController.swift */,
				615DA2D929FD29F500DB985E /* Assets.xcassets */,
				615DA2DB29FD29F500DB985E /* LaunchScreen.storyboard */,
				615DA2DE29FD29F600DB985E /* Info.plist */,
			);
			path = NetFlixClone;
			sourceTree = "<group>";
		};
		615DA2E429FD2EB400DB985E /* BottomNavigationVC */ = {
			isa = PBXGroup;
			children = (
				615DA2E529FD2EDC00DB985E /* HomeViewController.swift */,
				615DA2E729FD2F3500DB985E /* UpComingViewController.swift */,
				615DA2E929FD2F9C00DB985E /* SearchViewController.swift */,
				615DA2EB29FD2FC300DB985E /* DownloadsViewController.swift */,
			);
			path = BottomNavigationVC;
			sourceTree = "<group>";
		};
		615DA2ED29FDF49C00DB985E /* View */ = {
			isa = PBXGroup;
			children = (
				615DA2EE29FDF55E00DB985E /* ContentTableViewCell.swift */,
				61CBD42E29FE417C00F14D0D /* HeaderViewCell.swift */,
			);
			path = View;
			sourceTree = "<group>";
		};
/* End PBXGroup section */

/* Begin PBXNativeTarget section */
		615DA2CC29FD29EF00DB985E /* NetFlixClone */ = {
			isa = PBXNativeTarget;
			buildConfigurationList = 615DA2E129FD29F600DB985E /* Build configuration list for PBXNativeTarget "NetFlixClone" */;
			buildPhases = (
				615DA2C929FD29EF00DB985E /* Sources */,
				615DA2CA29FD29EF00DB985E /* Frameworks */,
				615DA2CB29FD29EF00DB985E /* Resources */,
			);
			buildRules = (
			);
			dependencies = (
			);
			name = NetFlixClone;
			productName = NetFlixClone;
			productReference = 615DA2CD29FD29EF00DB985E /* NetFlixClone.app */;
			productType = "com.apple.product-type.application";
		};
/* End PBXNativeTarget section */

/* Begin PBXProject section */
		615DA2C529FD29EF00DB985E /* Project object */ = {
			isa = PBXProject;
			attributes = {
				BuildIndependentTargetsInParallel = 1;
				LastSwiftUpdateCheck = 1320;
				LastUpgradeCheck = 1320;
				TargetAttributes = {
					615DA2CC29FD29EF00DB985E = {
						CreatedOnToolsVersion = 13.2.1;
					};
				};
			};
			buildConfigurationList = 615DA2C829FD29EF00DB985E /* Build configuration list for PBXProject "NetFlixClone" */;
			compatibilityVersion = "Xcode 13.0";
			developmentRegion = en;
			hasScannedForEncodings = 0;
			knownRegions = (
				en,
				Base,
			);
			mainGroup = 615DA2C429FD29EF00DB985E;
			productRefGroup = 615DA2CE29FD29EF00DB985E /* Products */;
			projectDirPath = "";
			projectRoot = "";
			targets = (
				615DA2CC29FD29EF00DB985E /* NetFlixClone */,
			);
		};
/* End PBXProject section */

/* Begin PBXResourcesBuildPhase section */
		615DA2CB29FD29EF00DB985E /* Resources */ = {
			isa = PBXResourcesBuildPhase;
			buildActionMask = 2147483647;
			files = (
				615DA2DD29FD29F500DB985E /* LaunchScreen.storyboard in Resources */,
				615DA2DA29FD29F500DB985E /* Assets.xcassets in Resources */,
			);
			runOnlyForDeploymentPostprocessing = 0;
		};
/* End PBXResourcesBuildPhase section */

/* Begin PBXSourcesBuildPhase section */
		615DA2C929FD29EF00DB985E /* Sources */ = {
			isa = PBXSourcesBuildPhase;
			buildActionMask = 2147483647;
			files = (
				615DA2EA29FD2F9C00DB985E /* SearchViewController.swift in Sources */,
				615DA2D529FD29EF00DB985E /* BottomNavigationViewController.swift in Sources */,
				615DA2EC29FD2FC300DB985E /* DownloadsViewController.swift in Sources */,
				61CBD42F29FE417D00F14D0D /* HeaderViewCell.swift in Sources */,
				615DA2EF29FDF55F00DB985E /* ContentTableViewCell.swift in Sources */,
				615DA2D129FD29EF00DB985E /* AppDelegate.swift in Sources */,
				615DA2E829FD2F3500DB985E /* UpComingViewController.swift in Sources */,
				615DA2D329FD29EF00DB985E /* SceneDelegate.swift in Sources */,
				615DA2E629FD2EDC00DB985E /* HomeViewController.swift in Sources */,
			);
			runOnlyForDeploymentPostprocessing = 0;
		};
/* End PBXSourcesBuildPhase section */

/* Begin PBXVariantGroup section */
		615DA2DB29FD29F500DB985E /* LaunchScreen.storyboard */ = {
			isa = PBXVariantGroup;
			children = (
				615DA2DC29FD29F500DB985E /* Base */,
			);
			name = LaunchScreen.storyboard;
			sourceTree = "<group>";
		};
/* End PBXVariantGroup section */

/* Begin XCBuildConfiguration section */
		615DA2DF29FD29F600DB985E /* Debug */ = {
			isa = XCBuildConfiguration;
			buildSettings = {
				ALWAYS_SEARCH_USER_PATHS = NO;
				CLANG_ANALYZER_NONNULL = YES;
				CLANG_ANALYZER_NUMBER_OBJECT_CONVERSION = YES_AGGRESSIVE;
				CLANG_CXX_LANGUAGE_STANDARD = "gnu++17";
				CLANG_CXX_LIBRARY = "libc++";
				CLANG_ENABLE_MODULES = YES;
				CLANG_ENABLE_OBJC_ARC = YES;
				CLANG_ENABLE_OBJC_WEAK = YES;
				CLANG_WARN_BLOCK_CAPTURE_AUTORELEASING = YES;
				CLANG_WARN_BOOL_CONVERSION = YES;
				CLANG_WARN_COMMA = YES;
				CLANG_WARN_CONSTANT_CONVERSION = YES;
				CLANG_WARN_DEPRECATED_OBJC_IMPLEMENTATIONS = YES;
				CLANG_WARN_DIRECT_OBJC_ISA_USAGE = YES_ERROR;
				CLANG_WARN_DOCUMENTATION_COMMENTS = YES;
				CLANG_WARN_EMPTY_BODY = YES;
				CLANG_WARN_ENUM_CONVERSION = YES;
				CLANG_WARN_INFINITE_RECURSION = YES;
				CLANG_WARN_INT_CONVERSION = YES;
				CLANG_WARN_NON_LITERAL_NULL_CONVERSION = YES;
				CLANG_WARN_OBJC_IMPLICIT_RETAIN_SELF = YES;
				CLANG_WARN_OBJC_LITERAL_CONVERSION = YES;
				CLANG_WARN_OBJC_ROOT_CLASS = YES_ERROR;
				CLANG_WARN_QUOTED_INCLUDE_IN_FRAMEWORK_HEADER = YES;
				CLANG_WARN_RANGE_LOOP_ANALYSIS = YES;
				CLANG_WARN_STRICT_PROTOTYPES = YES;
				CLANG_WARN_SUSPICIOUS_MOVE = YES;
				CLANG_WARN_UNGUARDED_AVAILABILITY = YES_AGGRESSIVE;
				CLANG_WARN_UNREACHABLE_CODE = YES;
				CLANG_WARN__DUPLICATE_METHOD_MATCH = YES;
				COPY_PHASE_STRIP = NO;
				DEBUG_INFORMATION_FORMAT = dwarf;
				ENABLE_STRICT_OBJC_MSGSEND = YES;
				ENABLE_TESTABILITY = YES;
				GCC_C_LANGUAGE_STANDARD = gnu11;
				GCC_DYNAMIC_NO_PIC = NO;
				GCC_NO_COMMON_BLOCKS = YES;
				GCC_OPTIMIZATION_LEVEL = 0;
				GCC_PREPROCESSOR_DEFINITIONS = (
					"DEBUG=1",
					"$(inherited)",
				);
				GCC_WARN_64_TO_32_BIT_CONVERSION = YES;
				GCC_WARN_ABOUT_RETURN_TYPE = YES_ERROR;
				GCC_WARN_UNDECLARED_SELECTOR = YES;
				GCC_WARN_UNINITIALIZED_AUTOS = YES_AGGRESSIVE;
				GCC_WARN_UNUSED_FUNCTION = YES;
				GCC_WARN_UNUSED_VARIABLE = YES;
				IPHONEOS_DEPLOYMENT_TARGET = 15.2;
				MTL_ENABLE_DEBUG_INFO = INCLUDE_SOURCE;
				MTL_FAST_MATH = YES;
				ONLY_ACTIVE_ARCH = YES;
				SDKROOT = iphoneos;
				SWIFT_ACTIVE_COMPILATION_CONDITIONS = DEBUG;
				SWIFT_OPTIMIZATION_LEVEL = "-Onone";
			};
			name = Debug;
		};
		615DA2E029FD29F600DB985E /* Release */ = {
			isa = XCBuildConfiguration;
			buildSettings = {
				ALWAYS_SEARCH_USER_PATHS = NO;
				CLANG_ANALYZER_NONNULL = YES;
				CLANG_ANALYZER_NUMBER_OBJECT_CONVERSION = YES_AGGRESSIVE;
				CLANG_CXX_LANGUAGE_STANDARD = "gnu++17";
				CLANG_CXX_LIBRARY = "libc++";
				CLANG_ENABLE_MODULES = YES;
				CLANG_ENABLE_OBJC_ARC = YES;
				CLANG_ENABLE_OBJC_WEAK = YES;
				CLANG_WARN_BLOCK_CAPTURE_AUTORELEASING = YES;
				CLANG_WARN_BOOL_CONVERSION = YES;
				CLANG_WARN_COMMA = YES;
				CLANG_WARN_CONSTANT_CONVERSION = YES;
				CLANG_WARN_DEPRECATED_OBJC_IMPLEMENTATIONS = YES;
				CLANG_WARN_DIRECT_OBJC_ISA_USAGE = YES_ERROR;
				CLANG_WARN_DOCUMENTATION_COMMENTS = YES;
				CLANG_WARN_EMPTY_BODY = YES;
				CLANG_WARN_ENUM_CONVERSION = YES;
				CLANG_WARN_INFINITE_RECURSION = YES;
				CLANG_WARN_INT_CONVERSION = YES;
				CLANG_WARN_NON_LITERAL_NULL_CONVERSION = YES;
				CLANG_WARN_OBJC_IMPLICIT_RETAIN_SELF = YES;
				CLANG_WARN_OBJC_LITERAL_CONVERSION = YES;
				CLANG_WARN_OBJC_ROOT_CLASS = YES_ERROR;
				CLANG_WARN_QUOTED_INCLUDE_IN_FRAMEWORK_HEADER = YES;
				CLANG_WARN_RANGE_LOOP_ANALYSIS = YES;
				CLANG_WARN_STRICT_PROTOTYPES = YES;
				CLANG_WARN_SUSPICIOUS_MOVE = YES;
				CLANG_WARN_UNGUARDED_AVAILABILITY = YES_AGGRESSIVE;
				CLANG_WARN_UNREACHABLE_CODE = YES;
				CLANG_WARN__DUPLICATE_METHOD_MATCH = YES;
				COPY_PHASE_STRIP = NO;
				DEBUG_INFORMATION_FORMAT = "dwarf-with-dsym";
				ENABLE_NS_ASSERTIONS = NO;
				ENABLE_STRICT_OBJC_MSGSEND = YES;
				GCC_C_LANGUAGE_STANDARD = gnu11;
				GCC_NO_COMMON_BLOCKS = YES;
				GCC_WARN_64_TO_32_BIT_CONVERSION = YES;
				GCC_WARN_ABOUT_RETURN_TYPE = YES_ERROR;
				GCC_WARN_UNDECLARED_SELECTOR = YES;
				GCC_WARN_UNINITIALIZED_AUTOS = YES_AGGRESSIVE;
				GCC_WARN_UNUSED_FUNCTION = YES;
				GCC_WARN_UNUSED_VARIABLE = YES;
				IPHONEOS_DEPLOYMENT_TARGET = 15.2;
				MTL_ENABLE_DEBUG_INFO = NO;
				MTL_FAST_MATH = YES;
				SDKROOT = iphoneos;
				SWIFT_COMPILATION_MODE = wholemodule;
				SWIFT_OPTIMIZATION_LEVEL = "-O";
				VALIDATE_PRODUCT = YES;
			};
			name = Release;
		};
		615DA2E229FD29F600DB985E /* Debug */ = {
			isa = XCBuildConfiguration;
			buildSettings = {
				ASSETCATALOG_COMPILER_APPICON_NAME = AppIcon;
				ASSETCATALOG_COMPILER_GLOBAL_ACCENT_COLOR_NAME = AccentColor;
				CODE_SIGN_STYLE = Automatic;
				CURRENT_PROJECT_VERSION = 1;
				GENERATE_INFOPLIST_FILE = YES;
				INFOPLIST_FILE = NetFlixClone/Info.plist;
				INFOPLIST_KEY_UIApplicationSupportsIndirectInputEvents = YES;
				INFOPLIST_KEY_UILaunchStoryboardName = LaunchScreen;
				INFOPLIST_KEY_UISupportedInterfaceOrientations_iPad = "UIInterfaceOrientationPortrait UIInterfaceOrientationPortraitUpsideDown UIInterfaceOrientationLandscapeLeft UIInterfaceOrientationLandscapeRight";
				INFOPLIST_KEY_UISupportedInterfaceOrientations_iPhone = "UIInterfaceOrientationPortrait UIInterfaceOrientationLandscapeLeft UIInterfaceOrientationLandscapeRight";
				LD_RUNPATH_SEARCH_PATHS = (
					"$(inherited)",
					"@executable_path/Frameworks",
				);
				MARKETING_VERSION = 1.0;
				PRODUCT_BUNDLE_IDENTIFIER = ytsoftwareeng.NetFlixClone;
				PRODUCT_NAME = "$(TARGET_NAME)";
				SWIFT_EMIT_LOC_STRINGS = YES;
				SWIFT_VERSION = 5.0;
				TARGETED_DEVICE_FAMILY = "1,2";
			};
			name = Debug;
		};
		615DA2E329FD29F600DB985E /* Release */ = {
			isa = XCBuildConfiguration;
			buildSettings = {
				ASSETCATALOG_COMPILER_APPICON_NAME = AppIcon;
				ASSETCATALOG_COMPILER_GLOBAL_ACCENT_COLOR_NAME = AccentColor;
				CODE_SIGN_STYLE = Automatic;
				CURRENT_PROJECT_VERSION = 1;
				GENERATE_INFOPLIST_FILE = YES;
				INFOPLIST_FILE = NetFlixClone/Info.plist;
				INFOPLIST_KEY_UIApplicationSupportsIndirectInputEvents = YES;
				INFOPLIST_KEY_UILaunchStoryboardName = LaunchScreen;
				INFOPLIST_KEY_UISupportedInterfaceOrientations_iPad = "UIInterfaceOrientationPortrait UIInterfaceOrientationPortraitUpsideDown UIInterfaceOrientationLandscapeLeft UIInterfaceOrientationLandscapeRight";
				INFOPLIST_KEY_UISupportedInterfaceOrientations_iPhone = "UIInterfaceOrientationPortrait UIInterfaceOrientationLandscapeLeft UIInterfaceOrientationLandscapeRight";
				LD_RUNPATH_SEARCH_PATHS = (
					"$(inherited)",
					"@executable_path/Frameworks",
				);
				MARKETING_VERSION = 1.0;
				PRODUCT_BUNDLE_IDENTIFIER = ytsoftwareeng.NetFlixClone;
				PRODUCT_NAME = "$(TARGET_NAME)";
				SWIFT_EMIT_LOC_STRINGS = YES;
				SWIFT_VERSION = 5.0;
				TARGETED_DEVICE_FAMILY = "1,2";
			};
			name = Release;
		};
/* End XCBuildConfiguration section */

/* Begin XCConfigurationList section */
		615DA2C829FD29EF00DB985E /* Build configuration list for PBXProject "NetFlixClone" */ = {
			isa = XCConfigurationList;
			buildConfigurations = (
				615DA2DF29FD29F600DB985E /* Debug */,
				615DA2E029FD29F600DB985E /* Release */,
			);
			defaultConfigurationIsVisible = 0;
			defaultConfigurationName = Release;
		};
		615DA2E129FD29F600DB985E /* Build configuration list for PBXNativeTarget "NetFlixClone" */ = {
			isa = XCConfigurationList;
			buildConfigurations = (
				615DA2E229FD29F600DB985E /* Debug */,
				615DA2E329FD29F600DB985E /* Release */,
			);
			defaultConfigurationIsVisible = 0;
			defaultConfigurationName = Release;
		};
/* End XCConfigurationList section */
	};
	rootObject = 615DA2C529FD29EF00DB985E /* Project object */;
}
